
Microsoft Visual Studio Solution File, Format Version 12.00
# Visual Studio Version 17
VisualStudioVersion = 17.0.31903.59
MinimumVisualStudioVersion = 10.0.40219.1
Project("{2150E333-8FDC-42A3-9474-1A3956D46DE8}") = "src", "src", "{C1A4F4FC-FB45-481B-A5F9-A68F634D7545}"
EndProject
Project("{FAE04EC0-301F-11D3-BF4B-00C04F79EFBC}") = "AuctionService", "src\AuctionService\AuctionService.csproj", "{5D6D19C7-C230-4276-94FC-9079A14684BD}"
EndProject
Project("{FAE04EC0-301F-11D3-BF4B-00C04F79EFBC}") = "SearchService", "src\SearchService\SearchService.csproj", "{109EBE79-4162-4522-B1C4-B34AE0310C16}"
EndProject
Project("{FAE04EC0-301F-11D3-BF4B-00C04F79EFBC}") = "Contracts", "src\Contracts\Contracts.csproj", "{FBAF4ED6-2FB7-46FE-8B65-EDA6A00A9C8F}"
EndProject
Project("{FAE04EC0-301F-11D3-BF4B-00C04F79EFBC}") = "IdentityService", "src\IdentityService\IdentityService.csproj", "{6A5A2466-A17D-437E-8717-DDC761379967}"
EndProject
Project("{FAE04EC0-301F-11D3-BF4B-00C04F79EFBC}") = "GatewayService", "src\GatewayService\GatewayService.csproj", "{E1839431-198D-40DD-9B57-7149F2707B7F}"
EndProject
Global
	GlobalSection(SolutionConfigurationPlatforms) = preSolution
		Debug|Any CPU = Debug|Any CPU
		Release|Any CPU = Release|Any CPU
	EndGlobalSection
	GlobalSection(SolutionProperties) = preSolution
		HideSolutionNode = FALSE
	EndGlobalSection
	GlobalSection(ProjectConfigurationPlatforms) = postSolution
		{5D6D19C7-C230-4276-94FC-9079A14684BD}.Debug|Any CPU.ActiveCfg = Debug|Any CPU
		{5D6D19C7-C230-4276-94FC-9079A14684BD}.Debug|Any CPU.Build.0 = Debug|Any CPU
		{5D6D19C7-C230-4276-94FC-9079A14684BD}.Release|Any CPU.ActiveCfg = Release|Any CPU
		{5D6D19C7-C230-4276-94FC-9079A14684BD}.Release|Any CPU.Build.0 = Release|Any CPU
		{109EBE79-4162-4522-B1C4-B34AE0310C16}.Debug|Any CPU.ActiveCfg = Debug|Any CPU
		{109EBE79-4162-4522-B1C4-B34AE0310C16}.Debug|Any CPU.Build.0 = Debug|Any CPU
		{109EBE79-4162-4522-B1C4-B34AE0310C16}.Release|Any CPU.ActiveCfg = Release|Any CPU
		{109EBE79-4162-4522-B1C4-B34AE0310C16}.Release|Any CPU.Build.0 = Release|Any CPU
		{FBAF4ED6-2FB7-46FE-8B65-EDA6A00A9C8F}.Debug|Any CPU.ActiveCfg = Debug|Any CPU
		{FBAF4ED6-2FB7-46FE-8B65-EDA6A00A9C8F}.Debug|Any CPU.Build.0 = Debug|Any CPU
		{FBAF4ED6-2FB7-46FE-8B65-EDA6A00A9C8F}.Release|Any CPU.ActiveCfg = Release|Any CPU
		{FBAF4ED6-2FB7-46FE-8B65-EDA6A00A9C8F}.Release|Any CPU.Build.0 = Release|Any CPU
		{6A5A2466-A17D-437E-8717-DDC761379967}.Debug|Any CPU.ActiveCfg = Debug|Any CPU
		{6A5A2466-A17D-437E-8717-DDC761379967}.Debug|Any CPU.Build.0 = Debug|Any CPU
		{6A5A2466-A17D-437E-8717-DDC761379967}.Release|Any CPU.ActiveCfg = Release|Any CPU
		{6A5A2466-A17D-437E-8717-DDC761379967}.Release|Any CPU.Build.0 = Release|Any CPU
		{E1839431-198D-40DD-9B57-7149F2707B7F}.Debug|Any CPU.ActiveCfg = Debug|Any CPU
		{E1839431-198D-40DD-9B57-7149F2707B7F}.Debug|Any CPU.Build.0 = Debug|Any CPU
		{E1839431-198D-40DD-9B57-7149F2707B7F}.Release|Any CPU.ActiveCfg = Release|Any CPU
		{E1839431-198D-40DD-9B57-7149F2707B7F}.Release|Any CPU.Build.0 = Release|Any CPU
	EndGlobalSection
	GlobalSection(NestedProjects) = preSolution
		{5D6D19C7-C230-4276-94FC-9079A14684BD} = {C1A4F4FC-FB45-481B-A5F9-A68F634D7545}
		{109EBE79-4162-4522-B1C4-B34AE0310C16} = {C1A4F4FC-FB45-481B-A5F9-A68F634D7545}
		{FBAF4ED6-2FB7-46FE-8B65-EDA6A00A9C8F} = {C1A4F4FC-FB45-481B-A5F9-A68F634D7545}
		{6A5A2466-A17D-437E-8717-DDC761379967} = {C1A4F4FC-FB45-481B-A5F9-A68F634D7545}
		{E1839431-198D-40DD-9B57-7149F2707B7F} = {C1A4F4FC-FB45-481B-A5F9-A68F634D7545}
	EndGlobalSection
EndGlobal
